
Microsoft Visual Studio Solution File, Format Version 12.00
# Visual Studio Version 17
VisualStudioVersion = 17.14.37502.11 d17.14
MinimumVisualStudioVersion = 10.0.40219.1
Project("{FAE04EC0-301F-11D3-BF4B-00C04F79EFBC}") = "BE-01", "BE-01.csproj", "{83734CFD-26D6-439A-8202-DB84CB363381}"
EndProject
Global
	GlobalSection(SolutionConfigurationPlatforms) = preSolution
		Debug|Any CPU = Debug|Any CPU
		Release|Any CPU = Release|Any CPU
	EndGlobalSection
	GlobalSection(ProjectConfigurationPlatforms) = postSolution
		{83734CFD-26D6-439A-8202-DB84CB363381}.Debug|Any CPU.ActiveCfg = Debug|Any CPU
		{83734CFD-26D6-439A-8202-DB84CB363381}.Debug|Any CPU.Build.0 = Debug|Any CPU
		{83734CFD-26D6-439A-8202-DB84CB363381}.Release|Any CPU.ActiveCfg = Release|Any CPU
		{83734CFD-26D6-439A-8202-DB84CB363381}.Release|Any CPU.Build.0 = Release|Any CPU
	EndGlobalSection
	GlobalSection(SolutionProperties) = preSolution
		HideSolutionNode = FALSE
	EndGlobalSection
	GlobalSection(ExtensibilityGlobals) = postSolution
		SolutionGuid = {414C492D-947E-479D-90BD-7D6240359EB3}
	EndGlobalSection
EndGlobal
